
Microsoft Visual Studio Solution File, Format Version 11.00
# Visual Studio 2010
Project("{8BC9CEB8-8B4A-11D0-8D11-00A0C91BC942}") = "lesson2", "lesson2.vcxproj", "{BB3D54FE-96E1-65E5-4032-E2F6BF3D7BF5}"
EndProject
Global
	GlobalSection(SolutionConfigurationPlatforms) = preSolution
		Debug|Win32 = Debug|Win32
		Release|Win32 = Release|Win32
	EndGlobalSection
	GlobalSection(ProjectConfigurationPlatforms) = postSolution
		{BB3D54FE-96E1-65E5-4032-E2F6BF3D7BF5}.Debug|Win32.ActiveCfg = Debug|Win32
		{BB3D54FE-96E1-65E5-4032-E2F6BF3D7BF5}.Debug|Win32.Build.0 = Debug|Win32
		{BB3D54FE-96E1-65E5-4032-E2F6BF3D7BF5}.Release|Win32.ActiveCfg = Release|Win32
		{BB3D54FE-96E1-65E5-4032-E2F6BF3D7BF5}.Release|Win32.Build.0 = Release|Win32
	EndGlobalSection
	GlobalSection(SolutionProperties) = preSolution
		HideSolutionNode = FALSE
	EndGlobalSection
EndGlobal
